
Microsoft Visual Studio Solution File, Format Version 12.00
Project("{FAE04EC0-301F-11D3-BF4B-00C04F79EFBC}") = "FileSorter", "FileSorter\FileSorter.csproj", "{B8DD1306-9CE0-4C14-BC4A-F5D434B1C81B}"
EndProject
Global
	GlobalSection(SolutionConfigurationPlatforms) = preSolution
		Debug|Any CPU = Debug|Any CPU
		Release|Any CPU = Release|Any CPU
	EndGlobalSection
	GlobalSection(ProjectConfigurationPlatforms) = postSolution
		{B8DD1306-9CE0-4C14-BC4A-F5D434B1C81B}.Debug|Any CPU.ActiveCfg = Debug|Any CPU
		{B8DD1306-9CE0-4C14-BC4A-F5D434B1C81B}.Debug|Any CPU.Build.0 = Debug|Any CPU
		{B8DD1306-9CE0-4C14-BC4A-F5D434B1C81B}.Release|Any CPU.ActiveCfg = Release|Any CPU
		{B8DD1306-9CE0-4C14-BC4A-F5D434B1C81B}.Release|Any CPU.Build.0 = Release|Any CPU
	EndGlobalSection
EndGlobal
